
Microsoft Visual Studio Solution File, Format Version 12.00
# Visual Studio Version 16
VisualStudioVersion = 16.0.31112.23
MinimumVisualStudioVersion = 10.0.40219.1
Project("{9A19103F-16F7-4668-BE54-9A1E7A4F7556}") = "AuditCheckListAPI", "AuditCheckListAPI.csproj", "{53038E29-6AA9-4CB4-B834-14048CEF69E8}"
EndProject
Project("{FAE04EC0-301F-11D3-BF4B-00C04F79EFBC}") = "AuditCheckListTestProject", "..\AuditCheckListTestProject\AuditCheckListTestProject.csproj", "{F138B1CF-9DA7-4B8F-87A0-45CC7ACDAF4D}"
EndProject
Global
	GlobalSection(SolutionConfigurationPlatforms) = preSolution
		Debug|Any CPU = Debug|Any CPU
		Release|Any CPU = Release|Any CPU
	EndGlobalSection
	GlobalSection(ProjectConfigurationPlatforms) = postSolution
		{53038E29-6AA9-4CB4-B834-14048CEF69E8}.Debug|Any CPU.ActiveCfg = Debug|Any CPU
		{53038E29-6AA9-4CB4-B834-14048CEF69E8}.Debug|Any CPU.Build.0 = Debug|Any CPU
		{53038E29-6AA9-4CB4-B834-14048CEF69E8}.Release|Any CPU.ActiveCfg = Release|Any CPU
		{53038E29-6AA9-4CB4-B834-14048CEF69E8}.Release|Any CPU.Build.0 = Release|Any CPU
		{F138B1CF-9DA7-4B8F-87A0-45CC7ACDAF4D}.Debug|Any CPU.ActiveCfg = Debug|Any CPU
		{F138B1CF-9DA7-4B8F-87A0-45CC7ACDAF4D}.Debug|Any CPU.Build.0 = Debug|Any CPU
		{F138B1CF-9DA7-4B8F-87A0-45CC7ACDAF4D}.Release|Any CPU.ActiveCfg = Release|Any CPU
		{F138B1CF-9DA7-4B8F-87A0-45CC7ACDAF4D}.Release|Any CPU.Build.0 = Release|Any CPU
	EndGlobalSection
	GlobalSection(SolutionProperties) = preSolution
		HideSolutionNode = FALSE
	EndGlobalSection
	GlobalSection(ExtensibilityGlobals) = postSolution
		SolutionGuid = {79F1B272-A2AE-440E-A536-E34ACFF6B57A}
	EndGlobalSection
EndGlobal
